github.com/mjl-/duit v0.0.0-20190531054125-a1c247ae783d h1:7CtQW3enJSXcCgomgb02VAxbLBI1OQHFSAphrcAGAgw=
github.com/mjl-/duit v0.0.0-20190531054125-a1c247ae783d/go.mod h1:bFhfICaBy0TLj5rskB66gdKnf0Ui1SbAGr0Bw4ear/0=
github.com/mjl-/go v0.0.0-20180429123528-fafada5f286e h1:M6KcUwCT34dkXLeYORteGPNguMsAaYkE/IBGKRGXFUI=
github.com/mjl-/go v0.0.0-20180429123528-fafada5f286e/go.mod h1:G+1evjukGD/lUyIfAq/sr0YX5EcukfBUeA+tFPF5JUA=
